
Microsoft Visual Studio Solution File, Format Version 12.00
# Visual Studio 14
VisualStudioVersion = 14.0.25420.1
MinimumVisualStudioVersion = 10.0.40219.1
Project("{8BC9CEB8-8B4A-11D0-8D11-00A0C91BC942}") = "libyasmine", "libyasmine\libyasmine.vcxproj", "{A728DDFB-BE51-49B5-8593-4E89E024A500}"
EndProject
Project("{8BC9CEB8-8B4A-11D0-8D11-00A0C91BC942}") = "hello_yasmine", "examples\hello_yasmine\hello_yasmine.vcxproj", "{C231C585-F237-4F08-8BF5-8DC7106599D4}"
	ProjectSection(ProjectDependencies) = postProject
		{A728DDFB-BE51-49B5-8593-4E89E024A500} = {A728DDFB-BE51-49B5-8593-4E89E024A500}
	EndProjectSection
EndProject
Project("{2150E333-8FDC-42A3-9474-1A3956D46DE8}") = "license", "license", "{FBC833F8-033B-4400-8CBA-C71A32CF62B4}"
	ProjectSection(SolutionItems) = preProject
		license\license.txt = license\license.txt
		license\Lizenz_und_Nutzungsbedingungen_geschaeftliche_Nutzung_Fassung_20160804.pdf = license\Lizenz_und_Nutzungsbedingungen_geschaeftliche_Nutzung_Fassung_20160804.pdf
		license\Lizenz_und_Nutzungsbedingungen_geschaeftliche_Nutzung_Fassung_20160804_en.pdf = license\Lizenz_und_Nutzungsbedingungen_geschaeftliche_Nutzung_Fassung_20160804_en.pdf
		license\Lizenz_und_Nutzungsbedingungen_private_und wissenschaftliche_Nutzung_Fassung_20160804.pdf = license\Lizenz_und_Nutzungsbedingungen_private_und wissenschaftliche_Nutzung_Fassung_20160804.pdf
		license\Lizenz_und_Nutzungsbedingungen_private_und wissenschaftliche_Nutzung_Fassung_20160804_en.pdf = license\Lizenz_und_Nutzungsbedingungen_private_und wissenschaftliche_Nutzung_Fassung_20160804_en.pdf
	EndProjectSection
EndProject
Project("{8BC9CEB8-8B4A-11D0-8D11-00A0C91BC942}") = "classic_farmroad", "examples\classic_farmroad\classic_farmroad.vcxproj", "{DDCFB59A-D19C-4382-ACFD-747105EB8D03}"
	ProjectSection(ProjectDependencies) = postProject
		{A728DDFB-BE51-49B5-8593-4E89E024A500} = {A728DDFB-BE51-49B5-8593-4E89E024A500}
	EndProjectSection
EndProject
Project("{2150E333-8FDC-42A3-9474-1A3956D46DE8}") = "examples", "examples", "{B7DF480E-DC38-410F-86E7-330696F7D5AB}"
EndProject
Project("{8BC9CEB8-8B4A-11D0-8D11-00A0C91BC942}") = "forty_two", "examples\forty_two\forty_two.vcxproj", "{5FA6552A-6FFB-44DE-BEBA-49FD1F1701EA}"
	ProjectSection(ProjectDependencies) = postProject
		{A728DDFB-BE51-49B5-8593-4E89E024A500} = {A728DDFB-BE51-49B5-8593-4E89E024A500}
	EndProjectSection
EndProject
Project("{8BC9CEB8-8B4A-11D0-8D11-00A0C91BC942}") = "events_with_parameters", "examples\events_with_parameters\events_with_parameters.vcxproj", "{44767840-E79D-4049-B97B-867D32783090}"
	ProjectSection(ProjectDependencies) = postProject
		{A728DDFB-BE51-49B5-8593-4E89E024A500} = {A728DDFB-BE51-49B5-8593-4E89E024A500}
	EndProjectSection
EndProject
Project("{8BC9CEB8-8B4A-11D0-8D11-00A0C91BC942}") = "substatemachines_and_variables", "examples\substatemachines_and_variables\substatemachines_and_variables.vcxproj", "{E27E791D-29D2-4FAA-A683-D58228818F67}"
	ProjectSection(ProjectDependencies) = postProject
		{A728DDFB-BE51-49B5-8593-4E89E024A500} = {A728DDFB-BE51-49B5-8593-4E89E024A500}
	EndProjectSection
EndProject
Project("{8BC9CEB8-8B4A-11D0-8D11-00A0C91BC942}") = "event_collector_example", "examples\event_collector_example\event_collector_example.vcxproj", "{B9D2ABFB-6CD3-4C8F-ACC3-5BE2D798552E}"
	ProjectSection(ProjectDependencies) = postProject
		{A728DDFB-BE51-49B5-8593-4E89E024A500} = {A728DDFB-BE51-49B5-8593-4E89E024A500}
	EndProjectSection
EndProject
Global
	GlobalSection(SolutionConfigurationPlatforms) = preSolution
		Debug - C++ 03|Win32 = Debug - C++ 03|Win32
		Debug - C++ 03|x64 = Debug - C++ 03|x64
		Debug - VS 2013|Win32 = Debug - VS 2013|Win32
		Debug - VS 2013|x64 = Debug - VS 2013|x64
		Debug|Win32 = Debug|Win32
		Debug|x64 = Debug|x64
		Release - C++ 03|Win32 = Release - C++ 03|Win32
		Release - C++ 03|x64 = Release - C++ 03|x64
		Release - VS 2013|Win32 = Release - VS 2013|Win32
		Release - VS 2013|x64 = Release - VS 2013|x64
		Release|Win32 = Release|Win32
		Release|x64 = Release|x64
	EndGlobalSection
	GlobalSection(ProjectConfigurationPlatforms) = postSolution
		{A728DDFB-BE51-49B5-8593-4E89E024A500}.Debug - C++ 03|Win32.ActiveCfg = Debug - C++ 03|Win32
		{A728DDFB-BE51-49B5-8593-4E89E024A500}.Debug - C++ 03|Win32.Build.0 = Debug - C++ 03|Win32
		{A728DDFB-BE51-49B5-8593-4E89E024A500}.Debug - C++ 03|x64.ActiveCfg = Debug - C++ 03|x64
		{A728DDFB-BE51-49B5-8593-4E89E024A500}.Debug - C++ 03|x64.Build.0 = Debug - C++ 03|x64
		{A728DDFB-BE51-49B5-8593-4E89E024A500}.Debug - VS 2013|Win32.ActiveCfg = Debug - VS 2013|Win32
		{A728DDFB-BE51-49B5-8593-4E89E024A500}.Debug - VS 2013|Win32.Build.0 = Debug - VS 2013|Win32
		{A728DDFB-BE51-49B5-8593-4E89E024A500}.Debug - VS 2013|x64.ActiveCfg = Debug - VS 2013|x64
		{A728DDFB-BE51-49B5-8593-4E89E024A500}.Debug - VS 2013|x64.Build.0 = Debug - VS 2013|x64
		{A728DDFB-BE51-49B5-8593-4E89E024A500}.Debug|Win32.ActiveCfg = Debug|Win32
		{A728DDFB-BE51-49B5-8593-4E89E024A500}.Debug|Win32.Build.0 = Debug|Win32
		{A728DDFB-BE51-49B5-8593-4E89E024A500}.Debug|x64.ActiveCfg = Debug|x64
		{A728DDFB-BE51-49B5-8593-4E89E024A500}.Debug|x64.Build.0 = Debug|x64
		{A728DDFB-BE51-49B5-8593-4E89E024A500}.Release - C++ 03|Win32.ActiveCfg = Release - C++ 03|Win32
		{A728DDFB-BE51-49B5-8593-4E89E024A500}.Release - C++ 03|Win32.Build.0 = Release - C++ 03|Win32
		{A728DDFB-BE51-49B5-8593-4E89E024A500}.Release - C++ 03|x64.ActiveCfg = Release - C++ 03|x64
		{A728DDFB-BE51-49B5-8593-4E89E024A500}.Release - C++ 03|x64.Build.0 = Release - C++ 03|x64
		{A728DDFB-BE51-49B5-8593-4E89E024A500}.Release - VS 2013|Win32.ActiveCfg = Release - VS 2013|Win32
		{A728DDFB-BE51-49B5-8593-4E89E024A500}.Release - VS 2013|Win32.Build.0 = Release - VS 2013|Win32
		{A728DDFB-BE51-49B5-8593-4E89E024A500}.Release - VS 2013|x64.ActiveCfg = Release - VS 2013|x64
		{A728DDFB-BE51-49B5-8593-4E89E024A500}.Release - VS 2013|x64.Build.0 = Release - VS 2013|x64
		{A728DDFB-BE51-49B5-8593-4E89E024A500}.Release|Win32.ActiveCfg = Release|Win32
		{A728DDFB-BE51-49B5-8593-4E89E024A500}.Release|Win32.Build.0 = Release|Win32
		{A728DDFB-BE51-49B5-8593-4E89E024A500}.Release|x64.ActiveCfg = Release|x64
		{A728DDFB-BE51-49B5-8593-4E89E024A500}.Release|x64.Build.0 = Release|x64
		{C231C585-F237-4F08-8BF5-8DC7106599D4}.Debug - C++ 03|Win32.ActiveCfg = Debug - C++ 03|Win32
		{C231C585-F237-4F08-8BF5-8DC7106599D4}.Debug - C++ 03|Win32.Build.0 = Debug - C++ 03|Win32
		{C231C585-F237-4F08-8BF5-8DC7106599D4}.Debug - C++ 03|x64.ActiveCfg = Debug - C++ 03|x64
		{C231C585-F237-4F08-8BF5-8DC7106599D4}.Debug - C++ 03|x64.Build.0 = Debug - C++ 03|x64
		{C231C585-F237-4F08-8BF5-8DC7106599D4}.Debug - VS 2013|Win32.ActiveCfg = Debug - VS 2013|Win32
		{C231C585-F237-4F08-8BF5-8DC7106599D4}.Debug - VS 2013|Win32.Build.0 = Debug - VS 2013|Win32
		{C231C585-F237-4F08-8BF5-8DC7106599D4}.Debug - VS 2013|x64.ActiveCfg = Debug - VS 2013|x64
		{C231C585-F237-4F08-8BF5-8DC7106599D4}.Debug - VS 2013|x64.Build.0 = Debug - VS 2013|x64
		{C231C585-F237-4F08-8BF5-8DC7106599D4}.Debug|Win32.ActiveCfg = Debug|Win32
		{C231C585-F237-4F08-8BF5-8DC7106599D4}.Debug|Win32.Build.0 = Debug|Win32
		{C231C585-F237-4F08-8BF5-8DC7106599D4}.Debug|x64.ActiveCfg = Debug|x64
		{C231C585-F237-4F08-8BF5-8DC7106599D4}.Debug|x64.Build.0 = Debug|x64
		{C231C585-F237-4F08-8BF5-8DC7106599D4}.Release - C++ 03|Win32.ActiveCfg = Release - C++ 03|Win32
		{C231C585-F237-4F08-8BF5-8DC7106599D4}.Release - C++ 03|Win32.Build.0 = Release - C++ 03|Win32
		{C231C585-F237-4F08-8BF5-8DC7106599D4}.Release - C++ 03|x64.ActiveCfg = Release - C++ 03|x64
		{C231C585-F237-4F08-8BF5-8DC7106599D4}.Release - C++ 03|x64.Build.0 = Release - C++ 03|x64
		{C231C585-F237-4F08-8BF5-8DC7106599D4}.Release - VS 2013|Win32.ActiveCfg = Release - VS 2013|Win32
		{C231C585-F237-4F08-8BF5-8DC7106599D4}.Release - VS 2013|Win32.Build.0 = Release - VS 2013|Win32
		{C231C585-F237-4F08-8BF5-8DC7106599D4}.Release - VS 2013|x64.ActiveCfg = Release - VS 2013|x64
		{C231C585-F237-4F08-8BF5-8DC7106599D4}.Release - VS 2013|x64.Build.0 = Release - VS 2013|x64
		{C231C585-F237-4F08-8BF5-8DC7106599D4}.Release|Win32.ActiveCfg = Release|Win32
		{C231C585-F237-4F08-8BF5-8DC7106599D4}.Release|Win32.Build.0 = Release|Win32
		{C231C585-F237-4F08-8BF5-8DC7106599D4}.Release|x64.ActiveCfg = Release|x64
		{C231C585-F237-4F08-8BF5-8DC7106599D4}.Release|x64.Build.0 = Release|x64
		{DDCFB59A-D19C-4382-ACFD-747105EB8D03}.Debug - C++ 03|Win32.ActiveCfg = Debug - C++ 03|Win32
		{DDCFB59A-D19C-4382-ACFD-747105EB8D03}.Debug - C++ 03|Win32.Build.0 = Debug - C++ 03|Win32
		{DDCFB59A-D19C-4382-ACFD-747105EB8D03}.Debug - C++ 03|x64.ActiveCfg = Debug - C++ 03|x64
		{DDCFB59A-D19C-4382-ACFD-747105EB8D03}.Debug - C++ 03|x64.Build.0 = Debug - C++ 03|x64
		{DDCFB59A-D19C-4382-ACFD-747105EB8D03}.Debug - VS 2013|Win32.ActiveCfg = Debug - VS 2013|Win32
		{DDCFB59A-D19C-4382-ACFD-747105EB8D03}.Debug - VS 2013|Win32.Build.0 = Debug - VS 2013|Win32
		{DDCFB59A-D19C-4382-ACFD-747105EB8D03}.Debug - VS 2013|x64.ActiveCfg = Debug - VS 2013|x64
		{DDCFB59A-D19C-4382-ACFD-747105EB8D03}.Debug - VS 2013|x64.Build.0 = Debug - VS 2013|x64
		{DDCFB59A-D19C-4382-ACFD-747105EB8D03}.Debug|Win32.ActiveCfg = Debug|Win32
		{DDCFB59A-D19C-4382-ACFD-747105EB8D03}.Debug|Win32.Build.0 = Debug|Win32
		{DDCFB59A-D19C-4382-ACFD-747105EB8D03}.Debug|x64.ActiveCfg = Debug|x64
		{DDCFB59A-D19C-4382-ACFD-747105EB8D03}.Debug|x64.Build.0 = Debug|x64
		{DDCFB59A-D19C-4382-ACFD-747105EB8D03}.Release - C++ 03|Win32.ActiveCfg = Release - C++ 03|Win32
		{DDCFB59A-D19C-4382-ACFD-747105EB8D03}.Release - C++ 03|Win32.Build.0 = Release - C++ 03|Win32
		{DDCFB59A-D19C-4382-ACFD-747105EB8D03}.Release - C++ 03|x64.ActiveCfg = Release - C++ 03|x64
		{DDCFB59A-D19C-4382-ACFD-747105EB8D03}.Release - C++ 03|x64.Build.0 = Release - C++ 03|x64
		{DDCFB59A-D19C-4382-ACFD-747105EB8D03}.Release - VS 2013|Win32.ActiveCfg = Release - VS 2013|Win32
		{DDCFB59A-D19C-4382-ACFD-747105EB8D03}.Release - VS 2013|Win32.Build.0 = Release - VS 2013|Win32
		{DDCFB59A-D19C-4382-ACFD-747105EB8D03}.Release - VS 2013|x64.ActiveCfg = Release - VS 2013|x64
		{DDCFB59A-D19C-4382-ACFD-747105EB8D03}.Release - VS 2013|x64.Build.0 = Release - VS 2013|x64
		{DDCFB59A-D19C-4382-ACFD-747105EB8D03}.Release|Win32.ActiveCfg = Release|Win32
		{DDCFB59A-D19C-4382-ACFD-747105EB8D03}.Release|Win32.Build.0 = Release|Win32
		{DDCFB59A-D19C-4382-ACFD-747105EB8D03}.Release|x64.ActiveCfg = Release|x64
		{DDCFB59A-D19C-4382-ACFD-747105EB8D03}.Release|x64.Build.0 = Release|x64
		{5FA6552A-6FFB-44DE-BEBA-49FD1F1701EA}.Debug - C++ 03|Win32.ActiveCfg = Debug - C++ 03|Win32
		{5FA6552A-6FFB-44DE-BEBA-49FD1F1701EA}.Debug - C++ 03|Win32.Build.0 = Debug - C++ 03|Win32
		{5FA6552A-6FFB-44DE-BEBA-49FD1F1701EA}.Debug - C++ 03|x64.ActiveCfg = Debug - C++ 03|x64
		{5FA6552A-6FFB-44DE-BEBA-49FD1F1701EA}.Debug - C++ 03|x64.Build.0 = Debug - C++ 03|x64
		{5FA6552A-6FFB-44DE-BEBA-49FD1F1701EA}.Debug - VS 2013|Win32.ActiveCfg = Debug - VS 2013|Win32
		{5FA6552A-6FFB-44DE-BEBA-49FD1F1701EA}.Debug - VS 2013|Win32.Build.0 = Debug - VS 2013|Win32
		{5FA6552A-6FFB-44DE-BEBA-49FD1F1701EA}.Debug - VS 2013|x64.ActiveCfg = Debug - VS 2013|x64
		{5FA6552A-6FFB-44DE-BEBA-49FD1F1701EA}.Debug - VS 2013|x64.Build.0 = Debug - VS 2013|x64
		{5FA6552A-6FFB-44DE-BEBA-49FD1F1701EA}.Debug|Win32.ActiveCfg = Debug|Win32
		{5FA6552A-6FFB-44DE-BEBA-49FD1F1701EA}.Debug|Win32.Build.0 = Debug|Win32
		{5FA6552A-6FFB-44DE-BEBA-49FD1F1701EA}.Debug|x64.ActiveCfg = Debug|x64
		{5FA6552A-6FFB-44DE-BEBA-49FD1F1701EA}.Debug|x64.Build.0 = Debug|x64
		{5FA6552A-6FFB-44DE-BEBA-49FD1F1701EA}.Release - C++ 03|Win32.ActiveCfg = Release - C++ 03|Win32
		{5FA6552A-6FFB-44DE-BEBA-49FD1F1701EA}.Release - C++ 03|Win32.Build.0 = Release - C++ 03|Win32
		{5FA6552A-6FFB-44DE-BEBA-49FD1F1701EA}.Release - C++ 03|x64.ActiveCfg = Release - C++ 03|x64
		{5FA6552A-6FFB-44DE-BEBA-49FD1F1701EA}.Release - C++ 03|x64.Build.0 = Release - C++ 03|x64
		{5FA6552A-6FFB-44DE-BEBA-49FD1F1701EA}.Release - VS 2013|Win32.ActiveCfg = Release - VS 2013|Win32
		{5FA6552A-6FFB-44DE-BEBA-49FD1F1701EA}.Release - VS 2013|Win32.Build.0 = Release - VS 2013|Win32
		{5FA6552A-6FFB-44DE-BEBA-49FD1F1701EA}.Release - VS 2013|x64.ActiveCfg = Release - VS 2013|x64
		{5FA6552A-6FFB-44DE-BEBA-49FD1F1701EA}.Release - VS 2013|x64.Build.0 = Release - VS 2013|x64
		{5FA6552A-6FFB-44DE-BEBA-49FD1F1701EA}.Release|Win32.ActiveCfg = Release|Win32
		{5FA6552A-6FFB-44DE-BEBA-49FD1F1701EA}.Release|Win32.Build.0 = Release|Win32
		{5FA6552A-6FFB-44DE-BEBA-49FD1F1701EA}.Release|x64.ActiveCfg = Release|x64
		{5FA6552A-6FFB-44DE-BEBA-49FD1F1701EA}.Release|x64.Build.0 = Release|x64
		{44767840-E79D-4049-B97B-867D32783090}.Debug - C++ 03|Win32.ActiveCfg = Debug - C++ 03|Win32
		{44767840-E79D-4049-B97B-867D32783090}.Debug - C++ 03|Win32.Build.0 = Debug - C++ 03|Win32
		{44767840-E79D-4049-B97B-867D32783090}.Debug - C++ 03|x64.ActiveCfg = Debug - C++ 03|x64
		{44767840-E79D-4049-B97B-867D32783090}.Debug - C++ 03|x64.Build.0 = Debug - C++ 03|x64
		{44767840-E79D-4049-B97B-867D32783090}.Debug - VS 2013|Win32.ActiveCfg = Debug - VS 2013|Win32
		{44767840-E79D-4049-B97B-867D32783090}.Debug - VS 2013|Win32.Build.0 = Debug - VS 2013|Win32
		{44767840-E79D-4049-B97B-867D32783090}.Debug - VS 2013|x64.ActiveCfg = Debug - VS 2013|x64
		{44767840-E79D-4049-B97B-867D32783090}.Debug - VS 2013|x64.Build.0 = Debug - VS 2013|x64
		{44767840-E79D-4049-B97B-867D32783090}.Debug|Win32.ActiveCfg = Debug|Win32
		{44767840-E79D-4049-B97B-867D32783090}.Debug|Win32.Build.0 = Debug|Win32
		{44767840-E79D-4049-B97B-867D32783090}.Debug|x64.ActiveCfg = Debug|x64
		{44767840-E79D-4049-B97B-867D32783090}.Debug|x64.Build.0 = Debug|x64
		{44767840-E79D-4049-B97B-867D32783090}.Release - C++ 03|Win32.ActiveCfg = Release - C++ 03|Win32
		{44767840-E79D-4049-B97B-867D32783090}.Release - C++ 03|Win32.Build.0 = Release - C++ 03|Win32
		{44767840-E79D-4049-B97B-867D32783090}.Release - C++ 03|x64.ActiveCfg = Release - C++ 03|x64
		{44767840-E79D-4049-B97B-867D32783090}.Release - C++ 03|x64.Build.0 = Release - C++ 03|x64
		{44767840-E79D-4049-B97B-867D32783090}.Release - VS 2013|Win32.ActiveCfg = Release - VS 2013|Win32
		{44767840-E79D-4049-B97B-867D32783090}.Release - VS 2013|Win32.Build.0 = Release - VS 2013|Win32
		{44767840-E79D-4049-B97B-867D32783090}.Release - VS 2013|x64.ActiveCfg = Release - VS 2013|x64
		{44767840-E79D-4049-B97B-867D32783090}.Release - VS 2013|x64.Build.0 = Release - VS 2013|x64
		{44767840-E79D-4049-B97B-867D32783090}.Release|Win32.ActiveCfg = Release|Win32
		{44767840-E79D-4049-B97B-867D32783090}.Release|Win32.Build.0 = Release|Win32
		{44767840-E79D-4049-B97B-867D32783090}.Release|x64.ActiveCfg = Release|x64
		{44767840-E79D-4049-B97B-867D32783090}.Release|x64.Build.0 = Release|x64
		{E27E791D-29D2-4FAA-A683-D58228818F67}.Debug - C++ 03|Win32.ActiveCfg = Debug - C++ 03|Win32
		{E27E791D-29D2-4FAA-A683-D58228818F67}.Debug - C++ 03|Win32.Build.0 = Debug - C++ 03|Win32
		{E27E791D-29D2-4FAA-A683-D58228818F67}.Debug - C++ 03|x64.ActiveCfg = Debug - C++ 03|x64
		{E27E791D-29D2-4FAA-A683-D58228818F67}.Debug - C++ 03|x64.Build.0 = Debug - C++ 03|x64
		{E27E791D-29D2-4FAA-A683-D58228818F67}.Debug - VS 2013|Win32.ActiveCfg = Debug - VS 2013|Win32
		{E27E791D-29D2-4FAA-A683-D58228818F67}.Debug - VS 2013|Win32.Build.0 = Debug - VS 2013|Win32
		{E27E791D-29D2-4FAA-A683-D58228818F67}.Debug - VS 2013|x64.ActiveCfg = Debug - VS 2013|x64
		{E27E791D-29D2-4FAA-A683-D58228818F67}.Debug - VS 2013|x64.Build.0 = Debug - VS 2013|x64
		{E27E791D-29D2-4FAA-A683-D58228818F67}.Debug|Win32.ActiveCfg = Debug|Win32
		{E27E791D-29D2-4FAA-A683-D58228818F67}.Debug|Win32.Build.0 = Debug|Win32
		{E27E791D-29D2-4FAA-A683-D58228818F67}.Debug|x64.ActiveCfg = Debug|x64
		{E27E791D-29D2-4FAA-A683-D58228818F67}.Debug|x64.Build.0 = Debug|x64
		{E27E791D-29D2-4FAA-A683-D58228818F67}.Release - C++ 03|Win32.ActiveCfg = Release - C++ 03|Win32
		{E27E791D-29D2-4FAA-A683-D58228818F67}.Release - C++ 03|Win32.Build.0 = Release - C++ 03|Win32
		{E27E791D-29D2-4FAA-A683-D58228818F67}.Release - C++ 03|x64.ActiveCfg = Release - C++ 03|x64
		{E27E791D-29D2-4FAA-A683-D58228818F67}.Release - C++ 03|x64.Build.0 = Release - C++ 03|x64
		{E27E791D-29D2-4FAA-A683-D58228818F67}.Release - VS 2013|Win32.ActiveCfg = Release - VS 2013|Win32
		{E27E791D-29D2-4FAA-A683-D58228818F67}.Release - VS 2013|Win32.Build.0 = Release - VS 2013|Win32
		{E27E791D-29D2-4FAA-A683-D58228818F67}.Release - VS 2013|x64.ActiveCfg = Release - VS 2013|x64
		{E27E791D-29D2-4FAA-A683-D58228818F67}.Release - VS 2013|x64.Build.0 = Release - VS 2013|x64
		{E27E791D-29D2-4FAA-A683-D58228818F67}.Release|Win32.ActiveCfg = Release|Win32
		{E27E791D-29D2-4FAA-A683-D58228818F67}.Release|Win32.Build.0 = Release|Win32
		{E27E791D-29D2-4FAA-A683-D58228818F67}.Release|x64.ActiveCfg = Release|x64
		{E27E791D-29D2-4FAA-A683-D58228818F67}.Release|x64.Build.0 = Release|x64
		{B9D2ABFB-6CD3-4C8F-ACC3-5BE2D798552E}.Debug - C++ 03|Win32.ActiveCfg = Debug|Win32
		{B9D2ABFB-6CD3-4C8F-ACC3-5BE2D798552E}.Debug - C++ 03|Win32.Build.0 = Debug|Win32
		{B9D2ABFB-6CD3-4C8F-ACC3-5BE2D798552E}.Debug - C++ 03|x64.ActiveCfg = Debug|x64
		{B9D2ABFB-6CD3-4C8F-ACC3-5BE2D798552E}.Debug - C++ 03|x64.Build.0 = Debug|x64
		{B9D2ABFB-6CD3-4C8F-ACC3-5BE2D798552E}.Debug - VS 2013|Win32.ActiveCfg = Debug|Win32
		{B9D2ABFB-6CD3-4C8F-ACC3-5BE2D798552E}.Debug - VS 2013|Win32.Build.0 = Debug|Win32
		{B9D2ABFB-6CD3-4C8F-ACC3-5BE2D798552E}.Debug - VS 2013|x64.ActiveCfg = Debug|x64
		{B9D2ABFB-6CD3-4C8F-ACC3-5BE2D798552E}.Debug - VS 2013|x64.Build.0 = Debug|x64
		{B9D2ABFB-6CD3-4C8F-ACC3-5BE2D798552E}.Debug|Win32.ActiveCfg = Debug|Win32
		{B9D2ABFB-6CD3-4C8F-ACC3-5BE2D798552E}.Debug|Win32.Build.0 = Debug|Win32
		{B9D2ABFB-6CD3-4C8F-ACC3-5BE2D798552E}.Debug|x64.ActiveCfg = Debug|x64
		{B9D2ABFB-6CD3-4C8F-ACC3-5BE2D798552E}.Debug|x64.Build.0 = Debug|x64
		{B9D2ABFB-6CD3-4C8F-ACC3-5BE2D798552E}.Release - C++ 03|Win32.ActiveCfg = Release|Win32
		{B9D2ABFB-6CD3-4C8F-ACC3-5BE2D798552E}.Release - C++ 03|Win32.Build.0 = Release|Win32
		{B9D2ABFB-6CD3-4C8F-ACC3-5BE2D798552E}.Release - C++ 03|x64.ActiveCfg = Release|x64
		{B9D2ABFB-6CD3-4C8F-ACC3-5BE2D798552E}.Release - C++ 03|x64.Build.0 = Release|x64
		{B9D2ABFB-6CD3-4C8F-ACC3-5BE2D798552E}.Release - VS 2013|Win32.ActiveCfg = Release|Win32
		{B9D2ABFB-6CD3-4C8F-ACC3-5BE2D798552E}.Release - VS 2013|Win32.Build.0 = Release|Win32
		{B9D2ABFB-6CD3-4C8F-ACC3-5BE2D798552E}.Release - VS 2013|x64.ActiveCfg = Release|x64
		{B9D2ABFB-6CD3-4C8F-ACC3-5BE2D798552E}.Release - VS 2013|x64.Build.0 = Release|x64
		{B9D2ABFB-6CD3-4C8F-ACC3-5BE2D798552E}.Release|Win32.ActiveCfg = Release|Win32
		{B9D2ABFB-6CD3-4C8F-ACC3-5BE2D798552E}.Release|Win32.Build.0 = Release|Win32
		{B9D2ABFB-6CD3-4C8F-ACC3-5BE2D798552E}.Release|x64.ActiveCfg = Release|x64
		{B9D2ABFB-6CD3-4C8F-ACC3-5BE2D798552E}.Release|x64.Build.0 = Release|x64
	EndGlobalSection
	GlobalSection(SolutionProperties) = preSolution
		HideSolutionNode = FALSE
	EndGlobalSection
	GlobalSection(NestedProjects) = preSolution
		{C231C585-F237-4F08-8BF5-8DC7106599D4} = {B7DF480E-DC38-410F-86E7-330696F7D5AB}
		{DDCFB59A-D19C-4382-ACFD-747105EB8D03} = {B7DF480E-DC38-410F-86E7-330696F7D5AB}
		{5FA6552A-6FFB-44DE-BEBA-49FD1F1701EA} = {B7DF480E-DC38-410F-86E7-330696F7D5AB}
		{44767840-E79D-4049-B97B-867D32783090} = {B7DF480E-DC38-410F-86E7-330696F7D5AB}
		{E27E791D-29D2-4FAA-A683-D58228818F67} = {B7DF480E-DC38-410F-86E7-330696F7D5AB}
		{B9D2ABFB-6CD3-4C8F-ACC3-5BE2D798552E} = {B7DF480E-DC38-410F-86E7-330696F7D5AB}
	EndGlobalSection
EndGlobal
