<?xml version="1.0" encoding="utf-8"?>
<Project ToolsVersion="4.0" xmlns="http://schemas.microsoft.com/developer/msbuild/2003">
  <ItemGroup>
    <Filter Include="Source Files">
      <UniqueIdentifier>{4FC737F1-C7A5-4376-A066-2A32D752A2FF}</UniqueIdentifier>
      <Extensions>cpp;c;cc;cxx;def;odl;idl;hpj;bat;asm;asmx</Extensions>
    </Filter>
    <Filter Include="Header Files">
      <UniqueIdentifier>{93995380-89BD-4b04-88EB-625FBE52EBFB}</UniqueIdentifier>
      <Extensions>h;hh;hpp;hxx;hm;inl;inc;xsd</Extensions>
    </Filter>
    <Filter Include="Resource Files">
      <UniqueIdentifier>{67DA6AB6-F800-4c08-8B7A-83BB121AAD01}</UniqueIdentifier>
      <Extensions>rc;ico;cur;bmp;dlg;rc2;rct;bin;rgs;gif;jpg;jpeg;jpe;resx;tiff;tif;png;wav;mfcribbon-ms</Extensions>
    </Filter>
    <Filter Include="Header Files\Downcast">
      <UniqueIdentifier>{eb9689c5-df18-42e0-9405-7bb311feb1e6}</UniqueIdentifier>
    </Filter>
    <Filter Include="Source Files\Downcast">
      <UniqueIdentifier>{c05790a3-ead9-4b41-b433-e57da004705b}</UniqueIdentifier>
    </Filter>
  </ItemGroup>
  <ItemGroup>
    <ClCompile Include="function_downcast.cpp">
      <Filter>Source Files\Downcast</Filter>
    </ClCompile>
    <ClCompile Include="events_with_parameters.cpp">
      <Filter>Source Files</Filter>
    </ClCompile>
    <ClCompile Include="class_method_downcast.cpp">
      <Filter>Source Files\Downcast</Filter>
    </ClCompile>
    <ClCompile Include="downcast_event.cpp">
      <Filter>Source Files\Downcast</Filter>
    </ClCompile>
  </ItemGroup>
  <ItemGroup>
    <ClInclude Include="function_downcast.hpp">
      <Filter>Header Files\Downcast</Filter>
    </ClInclude>
    <ClInclude Include="class_method_downcast.hpp">
      <Filter>Header Files\Downcast</Filter>
    </ClInclude>
    <ClInclude Include="events.hpp">
      <Filter>Header Files\Downcast</Filter>
    </ClInclude>
    <ClInclude Include="downcast_event.hpp">
      <Filter>Header Files\Downcast</Filter>
    </ClInclude>
  </ItemGroup>
</Project>