<?xml version="1.0" encoding="utf-8"?>
<Project ToolsVersion="4.0" xmlns="http://schemas.microsoft.com/developer/msbuild/2003">
  <ItemGroup>
    <Filter Include="Source Files">
      <UniqueIdentifier>{4FC737F1-C7A5-4376-A066-2A32D752A2FF}</UniqueIdentifier>
      <Extensions>cpp;c;cc;cxx;def;odl;idl;hpj;bat;asm;asmx</Extensions>
    </Filter>
    <Filter Include="Header Files">
      <UniqueIdentifier>{93995380-89BD-4b04-88EB-625FBE52EBFB}</UniqueIdentifier>
      <Extensions>h;hh;hpp;hxx;hm;inl;inc;xsd</Extensions>
    </Filter>
    <Filter Include="Resource Files">
      <UniqueIdentifier>{67DA6AB6-F800-4c08-8B7A-83BB121AAD01}</UniqueIdentifier>
      <Extensions>rc;ico;cur;bmp;dlg;rc2;rct;bin;rgs;gif;jpg;jpeg;jpe;resx;tiff;tif;png;wav;mfcribbon-ms</Extensions>
    </Filter>
  </ItemGroup>
  <ItemGroup>
    <ClCompile Include="source\generator_grammar.cpp">
      <Filter>Source Files</Filter>
    </ClCompile>
    <ClCompile Include="source\recipe_callback_impl.cpp">
      <Filter>Source Files</Filter>
    </ClCompile>
    <ClCompile Include="source\state_machine_type.cpp">
      <Filter>Source Files</Filter>
    </ClCompile>
    <ClCompile Include="source\config.cpp">
      <Filter>Source Files</Filter>
    </ClCompile>
    <ClCompile Include="source\behavior_struct.cpp">
      <Filter>Source Files</Filter>
    </ClCompile>
    <ClCompile Include="source\generator.cpp">
      <Filter>Source Files</Filter>
    </ClCompile>
    <ClCompile Include="source\libygen_version.cpp">
      <Filter>Source Files</Filter>
    </ClCompile>
  </ItemGroup>
  <ItemGroup>
    <ClInclude Include="include\generator_grammar.hpp">
      <Filter>Header Files</Filter>
    </ClInclude>
    <ClInclude Include="include\recipe_callback_impl.hpp">
      <Filter>Header Files</Filter>
    </ClInclude>
    <ClInclude Include="include\state_machine_type.hpp">
      <Filter>Header Files</Filter>
    </ClInclude>
    <ClInclude Include="include\config.hpp">
      <Filter>Header Files</Filter>
    </ClInclude>
    <ClInclude Include="include\behavior_struct.hpp">
      <Filter>Header Files</Filter>
    </ClInclude>
    <ClInclude Include="include\generator.hpp">
      <Filter>Header Files</Filter>
    </ClInclude>
    <ClInclude Include="include\access_operator.hpp">
      <Filter>Header Files</Filter>
    </ClInclude>
    <ClInclude Include="include\libygen_version.hpp">
      <Filter>Header Files</Filter>
    </ClInclude>
    <ClInclude Include="include\libygen_build_number.hpp">
      <Filter>Header Files</Filter>
    </ClInclude>
  </ItemGroup>
  <ItemGroup>
    <Text Include="changelog.txt" />
  </ItemGroup>
</Project>